// !$*UTF8*$!
{
	archiveVersion = 1;
	classes = {
	};
	objectVersion = 46;
	objects = {

/* Begin PBXBuildFile section */
		A7613E921848C7C300C4D545 /* main.cpp in Sources */ = {isa = PBXBuildFile; fileRef = A7613E911848C7C300C4D545 /* main.cpp */; };
		A7613E941848C7C300C4D545 /* bamm.1 in CopyFiles */ = {isa = PBXBuildFile; fileRef = A7613E931848C7C300C4D545 /* bamm.1 */; };
/* End PBXBuildFile section */

/* Begin PBXCopyFilesBuildPhase section */
		A7613E8B1848C7C300C4D545 /* CopyFiles */ = {
			isa = PBXCopyFilesBuildPhase;
			buildActionMask = 2147483647;
			dstPath = /usr/share/man/man1/;
			dstSubfolderSpec = 0;
			files = (
				A7613E941848C7C300C4D545 /* bamm.1 in CopyFiles */,
			);
			runOnlyForDeploymentPostprocessing = 1;
		};
/* End PBXCopyFilesBuildPhase section */

/* Begin PBXFileReference section */
		A7613E8D1848C7C300C4D545 /* bamm */ = {isa = PBXFileReference; explicitFileType = "compiled.mach-o.executable"; includeInIndex = 0; path = bamm; sourceTree = BUILT_PRODUCTS_DIR; };
		A7613E911848C7C300C4D545 /* main.cpp */ = {isa = PBXFileReference; lastKnownFileType = sourcecode.cpp.cpp; path = main.cpp; sourceTree = "<group>"; };
		A7613E931848C7C300C4D545 /* bamm.1 */ = {isa = PBXFileReference; lastKnownFileType = text.man; path = bamm.1; sourceTree = "<group>"; };
/* End PBXFileReference section */

/* Begin PBXFrameworksBuildPhase section */
		A7613E8A1848C7C300C4D545 /* Frameworks */ = {
			isa = PBXFrameworksBuildPhase;
			buildActionMask = 2147483647;
			files = (
			);
			runOnlyForDeploymentPostprocessing = 0;
		};
/* End PBXFrameworksBuildPhase section */

/* Begin PBXGroup section */
		A7613E821848C7C300C4D545 = {
			isa = PBXGroup;
			children = (
				A7613E901848C7C300C4D545 /* bamm */,
				A7613E8E1848C7C300C4D545 /* Products */,
			);
			sourceTree = "<group>";
		};
		A7613E8E1848C7C300C4D545 /* Products */ = {
			isa = PBXGroup;
			children = (
				A7613E8D1848C7C300C4D545 /* bamm */,
			);
			name = Products;
			sourceTree = "<group>";
		};
		A7613E901848C7C300C4D545 /* bamm */ = {
			isa = PBXGroup;
			children = (
				A7613E911848C7C300C4D545 /* main.cpp */,
				A7613E931848C7C300C4D545 /* bamm.1 */,
			);
			path = bamm;
			sourceTree = "<group>";
		};
/* End PBXGroup section */

/* Begin PBXNativeTarget section */
		A7613E8C1848C7C300C4D545 /* bamm */ = {
			isa = PBXNativeTarget;
			buildConfigurationList = A7613E971848C7C300C4D545 /* Build configuration list for PBXNativeTarget "bamm" */;
			buildPhases = (
				A7613E891848C7C300C4D545 /* Sources */,
				A7613E8A1848C7C300C4D545 /* Frameworks */,
				A7613E8B1848C7C300C4D545 /* CopyFiles */,
			);
			buildRules = (
			);
			dependencies = (
			);
			name = bamm;
			productName = bamm;
			productReference = A7613E8D1848C7C300C4D545 /* bamm */;
			productType = "com.apple.product-type.tool";
		};
/* End PBXNativeTarget section */

/* Begin PBXProject section */
		A7613E841848C7C300C4D545 /* Project object */ = {
			isa = PBXProject;
			attributes = {
				LastUpgradeCheck = 0450;
				ORGANIZATIONNAME = "Dan Rabosky";
			};
			buildConfigurationList = A7613E871848C7C300C4D545 /* Build configuration list for PBXProject "bamm" */;
			compatibilityVersion = "Xcode 3.2";
			developmentRegion = English;
			hasScannedForEncodings = 0;
			knownRegions = (
				en,
			);
			mainGroup = A7613E821848C7C300C4D545;
			productRefGroup = A7613E8E1848C7C300C4D545 /* Products */;
			projectDirPath = "";
			projectRoot = "";
			targets = (
				A7613E8C1848C7C300C4D545 /* bamm */,
			);
		};
/* End PBXProject section */

/* Begin PBXSourcesBuildPhase section */
		A7613E891848C7C300C4D545 /* Sources */ = {
			isa = PBXSourcesBuildPhase;
			buildActionMask = 2147483647;
			files = (
				A7613E921848C7C300C4D545 /* main.cpp in Sources */,
			);
			runOnlyForDeploymentPostprocessing = 0;
		};
/* End PBXSourcesBuildPhase section */

/* Begin XCBuildConfiguration section */
		A7613E951848C7C300C4D545 /* Debug */ = {
			isa = XCBuildConfiguration;
			buildSettings = {
				ALWAYS_SEARCH_USER_PATHS = NO;
				ARCHS = "$(ARCHS_STANDARD_64_BIT)";
				CLANG_CXX_LANGUAGE_STANDARD = "gnu++0x";
				CLANG_CXX_LIBRARY = "libc++";
				CLANG_WARN_EMPTY_BODY = YES;
				CLANG_WARN__DUPLICATE_METHOD_MATCH = YES;
				COPY_PHASE_STRIP = NO;
				GCC_C_LANGUAGE_STANDARD = gnu99;
				GCC_DYNAMIC_NO_PIC = NO;
				GCC_ENABLE_OBJC_EXCEPTIONS = YES;
				GCC_OPTIMIZATION_LEVEL = 0;
				GCC_PREPROCESSOR_DEFINITIONS = (
					"DEBUG=1",
					"$(inherited)",
				);
				GCC_SYMBOLS_PRIVATE_EXTERN = NO;
				GCC_WARN_64_TO_32_BIT_CONVERSION = YES;
				GCC_WARN_ABOUT_RETURN_TYPE = YES;
				GCC_WARN_UNINITIALIZED_AUTOS = YES;
				GCC_WARN_UNUSED_VARIABLE = YES;
				MACOSX_DEPLOYMENT_TARGET = 10.7;
				ONLY_ACTIVE_ARCH = YES;
				SDKROOT = macosx;
			};
			name = Debug;
		};
		A7613E961848C7C300C4D545 /* Release */ = {
			isa = XCBuildConfiguration;
			buildSettings = {
				ALWAYS_SEARCH_USER_PATHS = NO;
				ARCHS = "$(ARCHS_STANDARD_64_BIT)";
				CLANG_CXX_LANGUAGE_STANDARD = "gnu++0x";
				CLANG_CXX_LIBRARY = "libc++";
				CLANG_WARN_EMPTY_BODY = YES;
				CLANG_WARN__DUPLICATE_METHOD_MATCH = YES;
				COPY_PHASE_STRIP = YES;
				DEBUG_INFORMATION_FORMAT = "dwarf-with-dsym";
				GCC_C_LANGUAGE_STANDARD = gnu99;
				GCC_ENABLE_OBJC_EXCEPTIONS = YES;
				GCC_WARN_64_TO_32_BIT_CONVERSION = YES;
				GCC_WARN_ABOUT_RETURN_TYPE = YES;
				GCC_WARN_UNINITIALIZED_AUTOS = YES;
				GCC_WARN_UNUSED_VARIABLE = YES;
				MACOSX_DEPLOYMENT_TARGET = 10.7;
				SDKROOT = macosx;
			};
			name = Release;
		};
		A7613E981848C7C300C4D545 /* Debug */ = {
			isa = XCBuildConfiguration;
			buildSettings = {
				PRODUCT_NAME = "$(TARGET_NAME)";
			};
			name = Debug;
		};
		A7613E991848C7C300C4D545 /* Release */ = {
			isa = XCBuildConfiguration;
			buildSettings = {
				PRODUCT_NAME = "$(TARGET_NAME)";
			};
			name = Release;
		};
/* End XCBuildConfiguration section */

/* Begin XCConfigurationList section */
		A7613E871848C7C300C4D545 /* Build configuration list for PBXProject "bamm" */ = {
			isa = XCConfigurationList;
			buildConfigurations = (
				A7613E951848C7C300C4D545 /* Debug */,
				A7613E961848C7C300C4D545 /* Release */,
			);
			defaultConfigurationIsVisible = 0;
			defaultConfigurationName = Release;
		};
		A7613E971848C7C300C4D545 /* Build configuration list for PBXNativeTarget "bamm" */ = {
			isa = XCConfigurationList;
			buildConfigurations = (
				A7613E981848C7C300C4D545 /* Debug */,
				A7613E991848C7C300C4D545 /* Release */,
			);
			defaultConfigurationIsVisible = 0;
		};
/* End XCConfigurationList section */
	};
	rootObject = A7613E841848C7C300C4D545 /* Project object */;
}
