// !$*UTF8*$!
{
	archiveVersion = 1;
	classes = {
	};
	objectVersion = 46;
	objects = {

/* Begin PBXBuildFile section */
		458C5BFC18342E6500E752D3 /* BranchEvent.cpp in Sources */ = {isa = PBXBuildFile; fileRef = 458C5BE218342E6500E752D3 /* BranchEvent.cpp */; };
		458C5BFD18342E6500E752D3 /* BranchHistory.cpp in Sources */ = {isa = PBXBuildFile; fileRef = 458C5BE418342E6500E752D3 /* BranchHistory.cpp */; };
		458C5BFE18342E6500E752D3 /* main.cpp in Sources */ = {isa = PBXBuildFile; fileRef = 458C5BE618342E6500E752D3 /* main.cpp */; };
		458C5BFF18342E6500E752D3 /* MbRandom.cpp in Sources */ = {isa = PBXBuildFile; fileRef = 458C5BE718342E6500E752D3 /* MbRandom.cpp */; };
		458C5C0018342E6500E752D3 /* MCMC.cpp in Sources */ = {isa = PBXBuildFile; fileRef = 458C5BE918342E6500E752D3 /* MCMC.cpp */; };
		458C5C0118342E6500E752D3 /* Model.cpp in Sources */ = {isa = PBXBuildFile; fileRef = 458C5BEB18342E6500E752D3 /* Model.cpp */; };
		458C5C0218342E6500E752D3 /* Node.cpp in Sources */ = {isa = PBXBuildFile; fileRef = 458C5BED18342E6500E752D3 /* Node.cpp */; };
		458C5C0318342E6500E752D3 /* Settings.cpp in Sources */ = {isa = PBXBuildFile; fileRef = 458C5BEF18342E6500E752D3 /* Settings.cpp */; };
		458C5C0418342E6500E752D3 /* TraitBranchEvent.cpp in Sources */ = {isa = PBXBuildFile; fileRef = 458C5BF118342E6500E752D3 /* TraitBranchEvent.cpp */; };
		458C5C0518342E6500E752D3 /* TraitBranchHistory.cpp in Sources */ = {isa = PBXBuildFile; fileRef = 458C5BF318342E6500E752D3 /* TraitBranchHistory.cpp */; };
		458C5C0618342E6500E752D3 /* TraitMCMC.cpp in Sources */ = {isa = PBXBuildFile; fileRef = 458C5BF518342E6500E752D3 /* TraitMCMC.cpp */; };
		458C5C0718342E6500E752D3 /* TraitModel.cpp in Sources */ = {isa = PBXBuildFile; fileRef = 458C5BF718342E6500E752D3 /* TraitModel.cpp */; };
		458C5C0818342E6500E752D3 /* Tree.cpp in Sources */ = {isa = PBXBuildFile; fileRef = 458C5BF918342E6500E752D3 /* Tree.cpp */; };
		458C5C11183BDC3B00E752D3 /* Autotune.cpp in Sources */ = {isa = PBXBuildFile; fileRef = 458C5C0D183BDC3A00E752D3 /* Autotune.cpp */; };
		458C5C12183BDC3B00E752D3 /* SettingsParameter.cpp in Sources */ = {isa = PBXBuildFile; fileRef = 458C5C0F183BDC3B00E752D3 /* SettingsParameter.cpp */; };
/* End PBXBuildFile section */

/* Begin PBXCopyFilesBuildPhase section */
		458C5BD418342D7B00E752D3 /* CopyFiles */ = {
			isa = PBXCopyFilesBuildPhase;
			buildActionMask = 2147483647;
			dstPath = /usr/share/man/man1/;
			dstSubfolderSpec = 0;
			files = (
			);
			runOnlyForDeploymentPostprocessing = 1;
		};
/* End PBXCopyFilesBuildPhase section */

/* Begin PBXFileReference section */
		458C5BD618342D7B00E752D3 /* bamm */ = {isa = PBXFileReference; explicitFileType = "compiled.mach-o.executable"; includeInIndex = 0; path = bamm; sourceTree = BUILT_PRODUCTS_DIR; };
		458C5BE218342E6500E752D3 /* BranchEvent.cpp */ = {isa = PBXFileReference; fileEncoding = 4; lastKnownFileType = sourcecode.cpp.cpp; name = BranchEvent.cpp; path = ../../src/BranchEvent.cpp; sourceTree = "<group>"; };
		458C5BE318342E6500E752D3 /* BranchEvent.h */ = {isa = PBXFileReference; fileEncoding = 4; lastKnownFileType = sourcecode.c.h; name = BranchEvent.h; path = ../../src/BranchEvent.h; sourceTree = "<group>"; };
		458C5BE418342E6500E752D3 /* BranchHistory.cpp */ = {isa = PBXFileReference; fileEncoding = 4; lastKnownFileType = sourcecode.cpp.cpp; name = BranchHistory.cpp; path = ../../src/BranchHistory.cpp; sourceTree = "<group>"; };
		458C5BE518342E6500E752D3 /* BranchHistory.h */ = {isa = PBXFileReference; fileEncoding = 4; lastKnownFileType = sourcecode.c.h; name = BranchHistory.h; path = ../../src/BranchHistory.h; sourceTree = "<group>"; };
		458C5BE618342E6500E752D3 /* main.cpp */ = {isa = PBXFileReference; fileEncoding = 4; lastKnownFileType = sourcecode.cpp.cpp; name = main.cpp; path = ../../src/main.cpp; sourceTree = "<group>"; };
		458C5BE718342E6500E752D3 /* MbRandom.cpp */ = {isa = PBXFileReference; fileEncoding = 4; lastKnownFileType = sourcecode.cpp.cpp; name = MbRandom.cpp; path = ../../src/MbRandom.cpp; sourceTree = "<group>"; };
		458C5BE818342E6500E752D3 /* MbRandom.h */ = {isa = PBXFileReference; fileEncoding = 4; lastKnownFileType = sourcecode.c.h; name = MbRandom.h; path = ../../src/MbRandom.h; sourceTree = "<group>"; };
		458C5BE918342E6500E752D3 /* MCMC.cpp */ = {isa = PBXFileReference; fileEncoding = 4; lastKnownFileType = sourcecode.cpp.cpp; name = MCMC.cpp; path = ../../src/MCMC.cpp; sourceTree = "<group>"; };
		458C5BEA18342E6500E752D3 /* MCMC.h */ = {isa = PBXFileReference; fileEncoding = 4; lastKnownFileType = sourcecode.c.h; name = MCMC.h; path = ../../src/MCMC.h; sourceTree = "<group>"; };
		458C5BEB18342E6500E752D3 /* Model.cpp */ = {isa = PBXFileReference; fileEncoding = 4; lastKnownFileType = sourcecode.cpp.cpp; name = Model.cpp; path = ../../src/Model.cpp; sourceTree = "<group>"; };
		458C5BEC18342E6500E752D3 /* Model.h */ = {isa = PBXFileReference; fileEncoding = 4; lastKnownFileType = sourcecode.c.h; name = Model.h; path = ../../src/Model.h; sourceTree = "<group>"; };
		458C5BED18342E6500E752D3 /* Node.cpp */ = {isa = PBXFileReference; fileEncoding = 4; lastKnownFileType = sourcecode.cpp.cpp; name = Node.cpp; path = ../../src/Node.cpp; sourceTree = "<group>"; };
		458C5BEE18342E6500E752D3 /* Node.h */ = {isa = PBXFileReference; fileEncoding = 4; lastKnownFileType = sourcecode.c.h; name = Node.h; path = ../../src/Node.h; sourceTree = "<group>"; };
		458C5BEF18342E6500E752D3 /* Settings.cpp */ = {isa = PBXFileReference; fileEncoding = 4; lastKnownFileType = sourcecode.cpp.cpp; name = Settings.cpp; path = ../../src/Settings.cpp; sourceTree = "<group>"; };
		458C5BF018342E6500E752D3 /* Settings.h */ = {isa = PBXFileReference; fileEncoding = 4; lastKnownFileType = sourcecode.c.h; name = Settings.h; path = ../../src/Settings.h; sourceTree = "<group>"; };
		458C5BF118342E6500E752D3 /* TraitBranchEvent.cpp */ = {isa = PBXFileReference; fileEncoding = 4; lastKnownFileType = sourcecode.cpp.cpp; name = TraitBranchEvent.cpp; path = ../../src/TraitBranchEvent.cpp; sourceTree = "<group>"; };
		458C5BF218342E6500E752D3 /* TraitBranchEvent.h */ = {isa = PBXFileReference; fileEncoding = 4; lastKnownFileType = sourcecode.c.h; name = TraitBranchEvent.h; path = ../../src/TraitBranchEvent.h; sourceTree = "<group>"; };
		458C5BF318342E6500E752D3 /* TraitBranchHistory.cpp */ = {isa = PBXFileReference; fileEncoding = 4; lastKnownFileType = sourcecode.cpp.cpp; name = TraitBranchHistory.cpp; path = ../../src/TraitBranchHistory.cpp; sourceTree = "<group>"; };
		458C5BF418342E6500E752D3 /* TraitBranchHistory.h */ = {isa = PBXFileReference; fileEncoding = 4; lastKnownFileType = sourcecode.c.h; name = TraitBranchHistory.h; path = ../../src/TraitBranchHistory.h; sourceTree = "<group>"; };
		458C5BF518342E6500E752D3 /* TraitMCMC.cpp */ = {isa = PBXFileReference; fileEncoding = 4; lastKnownFileType = sourcecode.cpp.cpp; name = TraitMCMC.cpp; path = ../../src/TraitMCMC.cpp; sourceTree = "<group>"; };
		458C5BF618342E6500E752D3 /* TraitMCMC.h */ = {isa = PBXFileReference; fileEncoding = 4; lastKnownFileType = sourcecode.c.h; name = TraitMCMC.h; path = ../../src/TraitMCMC.h; sourceTree = "<group>"; };
		458C5BF718342E6500E752D3 /* TraitModel.cpp */ = {isa = PBXFileReference; fileEncoding = 4; lastKnownFileType = sourcecode.cpp.cpp; name = TraitModel.cpp; path = ../../src/TraitModel.cpp; sourceTree = "<group>"; };
		458C5BF818342E6500E752D3 /* TraitModel.h */ = {isa = PBXFileReference; fileEncoding = 4; lastKnownFileType = sourcecode.c.h; name = TraitModel.h; path = ../../src/TraitModel.h; sourceTree = "<group>"; };
		458C5BF918342E6500E752D3 /* Tree.cpp */ = {isa = PBXFileReference; fileEncoding = 4; lastKnownFileType = sourcecode.cpp.cpp; name = Tree.cpp; path = ../../src/Tree.cpp; sourceTree = "<group>"; };
		458C5BFA18342E6500E752D3 /* Tree.h */ = {isa = PBXFileReference; fileEncoding = 4; lastKnownFileType = sourcecode.c.h; name = Tree.h; path = ../../src/Tree.h; sourceTree = "<group>"; };
		458C5BFB18342E6500E752D3 /* Utilities.h */ = {isa = PBXFileReference; fileEncoding = 4; lastKnownFileType = sourcecode.c.h; name = Utilities.h; path = ../../src/Utilities.h; sourceTree = "<group>"; };
		458C5C0D183BDC3A00E752D3 /* Autotune.cpp */ = {isa = PBXFileReference; fileEncoding = 4; lastKnownFileType = sourcecode.cpp.cpp; name = Autotune.cpp; path = ../../src/Autotune.cpp; sourceTree = "<group>"; };
		458C5C0E183BDC3B00E752D3 /* Autotune.h */ = {isa = PBXFileReference; fileEncoding = 4; lastKnownFileType = sourcecode.c.h; name = Autotune.h; path = ../../src/Autotune.h; sourceTree = "<group>"; };
		458C5C0F183BDC3B00E752D3 /* SettingsParameter.cpp */ = {isa = PBXFileReference; fileEncoding = 4; lastKnownFileType = sourcecode.cpp.cpp; name = SettingsParameter.cpp; path = ../../src/SettingsParameter.cpp; sourceTree = "<group>"; };
		458C5C10183BDC3B00E752D3 /* SettingsParameter.h */ = {isa = PBXFileReference; fileEncoding = 4; lastKnownFileType = sourcecode.c.h; name = SettingsParameter.h; path = ../../src/SettingsParameter.h; sourceTree = "<group>"; };
/* End PBXFileReference section */

/* Begin PBXFrameworksBuildPhase section */
		458C5BD318342D7B00E752D3 /* Frameworks */ = {
			isa = PBXFrameworksBuildPhase;
			buildActionMask = 2147483647;
			files = (
			);
			runOnlyForDeploymentPostprocessing = 0;
		};
/* End PBXFrameworksBuildPhase section */

/* Begin PBXGroup section */
		458C5BA31834152800E752D3 = {
			isa = PBXGroup;
			children = (
				458C5BD918342D7B00E752D3 /* bamm */,
				458C5BD718342D7B00E752D3 /* Products */,
			);
			sourceTree = "<group>";
		};
		458C5BD718342D7B00E752D3 /* Products */ = {
			isa = PBXGroup;
			children = (
				458C5BD618342D7B00E752D3 /* bamm */,
			);
			name = Products;
			sourceTree = "<group>";
		};
		458C5BD918342D7B00E752D3 /* bamm */ = {
			isa = PBXGroup;
			children = (
				458C5C0D183BDC3A00E752D3 /* Autotune.cpp */,
				458C5C0E183BDC3B00E752D3 /* Autotune.h */,
				458C5C0F183BDC3B00E752D3 /* SettingsParameter.cpp */,
				458C5C10183BDC3B00E752D3 /* SettingsParameter.h */,
				458C5BE218342E6500E752D3 /* BranchEvent.cpp */,
				458C5BE318342E6500E752D3 /* BranchEvent.h */,
				458C5BE418342E6500E752D3 /* BranchHistory.cpp */,
				458C5BE518342E6500E752D3 /* BranchHistory.h */,
				458C5BE618342E6500E752D3 /* main.cpp */,
				458C5BE718342E6500E752D3 /* MbRandom.cpp */,
				458C5BE818342E6500E752D3 /* MbRandom.h */,
				458C5BE918342E6500E752D3 /* MCMC.cpp */,
				458C5BEA18342E6500E752D3 /* MCMC.h */,
				458C5BEB18342E6500E752D3 /* Model.cpp */,
				458C5BEC18342E6500E752D3 /* Model.h */,
				458C5BED18342E6500E752D3 /* Node.cpp */,
				458C5BEE18342E6500E752D3 /* Node.h */,
				458C5BEF18342E6500E752D3 /* Settings.cpp */,
				458C5BF018342E6500E752D3 /* Settings.h */,
				458C5BF118342E6500E752D3 /* TraitBranchEvent.cpp */,
				458C5BF218342E6500E752D3 /* TraitBranchEvent.h */,
				458C5BF318342E6500E752D3 /* TraitBranchHistory.cpp */,
				458C5BF418342E6500E752D3 /* TraitBranchHistory.h */,
				458C5BF518342E6500E752D3 /* TraitMCMC.cpp */,
				458C5BF618342E6500E752D3 /* TraitMCMC.h */,
				458C5BF718342E6500E752D3 /* TraitModel.cpp */,
				458C5BF818342E6500E752D3 /* TraitModel.h */,
				458C5BF918342E6500E752D3 /* Tree.cpp */,
				458C5BFA18342E6500E752D3 /* Tree.h */,
				458C5BFB18342E6500E752D3 /* Utilities.h */,
			);
			path = bamm;
			sourceTree = "<group>";
		};
/* End PBXGroup section */

/* Begin PBXNativeTarget section */
		458C5BD518342D7B00E752D3 /* bamm */ = {
			isa = PBXNativeTarget;
			buildConfigurationList = 458C5BE018342D7B00E752D3 /* Build configuration list for PBXNativeTarget "bamm" */;
			buildPhases = (
				458C5BD218342D7B00E752D3 /* Sources */,
				458C5BD318342D7B00E752D3 /* Frameworks */,
				458C5BD418342D7B00E752D3 /* CopyFiles */,
			);
			buildRules = (
			);
			dependencies = (
			);
			name = bamm;
			productName = bamm;
			productReference = 458C5BD618342D7B00E752D3 /* bamm */;
			productType = "com.apple.product-type.tool";
		};
/* End PBXNativeTarget section */

/* Begin PBXProject section */
		458C5BA51834152800E752D3 /* Project object */ = {
			isa = PBXProject;
			attributes = {
				LastUpgradeCheck = 0430;
			};
			buildConfigurationList = 458C5BA81834152800E752D3 /* Build configuration list for PBXProject "bamm" */;
			compatibilityVersion = "Xcode 3.2";
			developmentRegion = English;
			hasScannedForEncodings = 0;
			knownRegions = (
				en,
			);
			mainGroup = 458C5BA31834152800E752D3;
			productRefGroup = 458C5BD718342D7B00E752D3 /* Products */;
			projectDirPath = "";
			projectRoot = "";
			targets = (
				458C5BD518342D7B00E752D3 /* bamm */,
			);
		};
/* End PBXProject section */

/* Begin PBXSourcesBuildPhase section */
		458C5BD218342D7B00E752D3 /* Sources */ = {
			isa = PBXSourcesBuildPhase;
			buildActionMask = 2147483647;
			files = (
				458C5BFC18342E6500E752D3 /* BranchEvent.cpp in Sources */,
				458C5BFD18342E6500E752D3 /* BranchHistory.cpp in Sources */,
				458C5BFE18342E6500E752D3 /* main.cpp in Sources */,
				458C5BFF18342E6500E752D3 /* MbRandom.cpp in Sources */,
				458C5C0018342E6500E752D3 /* MCMC.cpp in Sources */,
				458C5C0118342E6500E752D3 /* Model.cpp in Sources */,
				458C5C0218342E6500E752D3 /* Node.cpp in Sources */,
				458C5C0318342E6500E752D3 /* Settings.cpp in Sources */,
				458C5C0418342E6500E752D3 /* TraitBranchEvent.cpp in Sources */,
				458C5C0518342E6500E752D3 /* TraitBranchHistory.cpp in Sources */,
				458C5C0618342E6500E752D3 /* TraitMCMC.cpp in Sources */,
				458C5C0718342E6500E752D3 /* TraitModel.cpp in Sources */,
				458C5C0818342E6500E752D3 /* Tree.cpp in Sources */,
				458C5C11183BDC3B00E752D3 /* Autotune.cpp in Sources */,
				458C5C12183BDC3B00E752D3 /* SettingsParameter.cpp in Sources */,
			);
			runOnlyForDeploymentPostprocessing = 0;
		};
/* End PBXSourcesBuildPhase section */

/* Begin XCBuildConfiguration section */
		458C5BAA1834152800E752D3 /* Debug */ = {
			isa = XCBuildConfiguration;
			buildSettings = {
			};
			name = Debug;
		};
		458C5BAB1834152800E752D3 /* Release */ = {
			isa = XCBuildConfiguration;
			buildSettings = {
			};
			name = Release;
		};
		458C5BDE18342D7B00E752D3 /* Debug */ = {
			isa = XCBuildConfiguration;
			buildSettings = {
				ALWAYS_SEARCH_USER_PATHS = NO;
				ARCHS = "$(ARCHS_STANDARD_64_BIT)";
				COPY_PHASE_STRIP = NO;
				GCC_C_LANGUAGE_STANDARD = gnu99;
				GCC_DYNAMIC_NO_PIC = NO;
				GCC_ENABLE_OBJC_EXCEPTIONS = YES;
				GCC_OPTIMIZATION_LEVEL = 0;
				GCC_PREPROCESSOR_DEFINITIONS = (
					"DEBUG=1",
					"$(inherited)",
				);
				GCC_SYMBOLS_PRIVATE_EXTERN = NO;
				GCC_VERSION = com.apple.compilers.llvm.clang.1_0;
				GCC_WARN_64_TO_32_BIT_CONVERSION = YES;
				GCC_WARN_ABOUT_RETURN_TYPE = YES;
				GCC_WARN_UNINITIALIZED_AUTOS = YES;
				GCC_WARN_UNUSED_VARIABLE = YES;
				MACOSX_DEPLOYMENT_TARGET = 10.7;
				ONLY_ACTIVE_ARCH = YES;
				PRODUCT_NAME = "$(TARGET_NAME)";
				SDKROOT = macosx;
			};
			name = Debug;
		};
		458C5BDF18342D7B00E752D3 /* Release */ = {
			isa = XCBuildConfiguration;
			buildSettings = {
				ALWAYS_SEARCH_USER_PATHS = NO;
				ARCHS = "$(ARCHS_STANDARD_64_BIT)";
				COPY_PHASE_STRIP = YES;
				DEBUG_INFORMATION_FORMAT = "dwarf-with-dsym";
				GCC_C_LANGUAGE_STANDARD = gnu99;
				GCC_ENABLE_OBJC_EXCEPTIONS = YES;
				GCC_VERSION = com.apple.compilers.llvm.clang.1_0;
				GCC_WARN_64_TO_32_BIT_CONVERSION = YES;
				GCC_WARN_ABOUT_RETURN_TYPE = YES;
				GCC_WARN_UNINITIALIZED_AUTOS = YES;
				GCC_WARN_UNUSED_VARIABLE = YES;
				MACOSX_DEPLOYMENT_TARGET = 10.7;
				PRODUCT_NAME = "$(TARGET_NAME)";
				SDKROOT = macosx;
			};
			name = Release;
		};
/* End XCBuildConfiguration section */

/* Begin XCConfigurationList section */
		458C5BA81834152800E752D3 /* Build configuration list for PBXProject "bamm" */ = {
			isa = XCConfigurationList;
			buildConfigurations = (
				458C5BAA1834152800E752D3 /* Debug */,
				458C5BAB1834152800E752D3 /* Release */,
			);
			defaultConfigurationIsVisible = 0;
			defaultConfigurationName = Release;
		};
		458C5BE018342D7B00E752D3 /* Build configuration list for PBXNativeTarget "bamm" */ = {
			isa = XCConfigurationList;
			buildConfigurations = (
				458C5BDE18342D7B00E752D3 /* Debug */,
				458C5BDF18342D7B00E752D3 /* Release */,
			);
			defaultConfigurationIsVisible = 0;
			defaultConfigurationName = Release;
		};
/* End XCConfigurationList section */
	};
	rootObject = 458C5BA51834152800E752D3 /* Project object */;
}
